
Microsoft Visual Studio Solution File, Format Version 12.00
# Visual Studio Version 17
VisualStudioVersion = 17.9.34728.123
MinimumVisualStudioVersion = 10.0.40219.1
Project("{9A19103F-16F7-4668-BE54-9A1E7A4F7556}") = "backend", "backend\backend.csproj", "{B38F8B62-5F5A-4344-B217-905C45FFCD46}"
EndProject
Project("{2150E333-8FDC-42A3-9474-1A3956D46DE8}") = "Solution Items", "Solution Items", "{CFF92CA8-7640-46FA-96EE-592BE49BDE35}"
EndProject
Global
	GlobalSection(SolutionConfigurationPlatforms) = preSolution
		Debug|Any CPU = Debug|Any CPU
		Release|Any CPU = Release|Any CPU
	EndGlobalSection
	GlobalSection(ProjectConfigurationPlatforms) = postSolution
		{B38F8B62-5F5A-4344-B217-905C45FFCD46}.Debug|Any CPU.ActiveCfg = Debug|Any CPU
		{B38F8B62-5F5A-4344-B217-905C45FFCD46}.Debug|Any CPU.Build.0 = Debug|Any CPU
		{B38F8B62-5F5A-4344-B217-905C45FFCD46}.Release|Any CPU.ActiveCfg = Release|Any CPU
		{B38F8B62-5F5A-4344-B217-905C45FFCD46}.Release|Any CPU.Build.0 = Release|Any CPU
	EndGlobalSection
	GlobalSection(SolutionProperties) = preSolution
		HideSolutionNode = FALSE
	EndGlobalSection
	GlobalSection(ExtensibilityGlobals) = postSolution
		SolutionGuid = {74E5D3A0-AF7B-4ECA-B28A-CD21A00B815F}
	EndGlobalSection
EndGlobal
